
Microsoft Visual Studio Solution File, Format Version 12.00
# Visual Studio 15
Project("{FAE04EC0-301F-11D3-BF4B-00C04F79EFBC}") = "Settlers of KTaNE", "Settlers of KTaNE.csproj", "{ECD0204A-8A13-48C7-F6F8-C6CF13DC3AC6}"
EndProject
Project("{FAE04EC0-301F-11D3-BF4B-00C04F79EFBC}") = "Settlers of KTaNE.Editor", "Settlers of KTaNE.Editor.csproj", "{ECD9CC4B-1146-B88D-A606-4125E17322B0}"
EndProject
Global
	GlobalSection(SolutionConfigurationPlatforms) = preSolution
		Debug|Any CPU = Debug|Any CPU
		Release|Any CPU = Release|Any CPU
	EndGlobalSection
	GlobalSection(ProjectConfigurationPlatforms) = postSolution
		{ECD0204A-8A13-48C7-F6F8-C6CF13DC3AC6}.Debug|Any CPU.ActiveCfg = Debug|Any CPU
		{ECD0204A-8A13-48C7-F6F8-C6CF13DC3AC6}.Debug|Any CPU.Build.0 = Debug|Any CPU
		{ECD0204A-8A13-48C7-F6F8-C6CF13DC3AC6}.Release|Any CPU.ActiveCfg = Release|Any CPU
		{ECD0204A-8A13-48C7-F6F8-C6CF13DC3AC6}.Release|Any CPU.Build.0 = Release|Any CPU
		{ECD9CC4B-1146-B88D-A606-4125E17322B0}.Debug|Any CPU.ActiveCfg = Debug|Any CPU
		{ECD9CC4B-1146-B88D-A606-4125E17322B0}.Debug|Any CPU.Build.0 = Debug|Any CPU
		{ECD9CC4B-1146-B88D-A606-4125E17322B0}.Release|Any CPU.ActiveCfg = Release|Any CPU
		{ECD9CC4B-1146-B88D-A606-4125E17322B0}.Release|Any CPU.Build.0 = Release|Any CPU
	EndGlobalSection
	GlobalSection(SolutionProperties) = preSolution
		HideSolutionNode = FALSE
	EndGlobalSection
EndGlobal
